
Microsoft Visual Studio Solution File, Format Version 12.00
# Visual Studio Version 16
VisualStudioVersion = 16.0.30204.135
MinimumVisualStudioVersion = 10.0.40219.1
Project("{9A19103F-16F7-4668-BE54-9A1E7A4F7556}") = "CursoCSharp", "CursoCSharp\CursoCSharp.csproj", "{B473D99E-3F17-49B7-9D3F-15BC5D7083E1}"
EndProject
Project("{FAE04EC0-301F-11D3-BF4B-00C04F79EFBC}") = "Encapsulamento", "Encapsulamento\Encapsulamento.csproj", "{B5D347ED-EABB-4337-A6B2-20874726D59D}"
EndProject
Global
	GlobalSection(SolutionConfigurationPlatforms) = preSolution
		Debug|Any CPU = Debug|Any CPU
		Release|Any CPU = Release|Any CPU
	EndGlobalSection
	GlobalSection(ProjectConfigurationPlatforms) = postSolution
		{B473D99E-3F17-49B7-9D3F-15BC5D7083E1}.Debug|Any CPU.ActiveCfg = Debug|Any CPU
		{B473D99E-3F17-49B7-9D3F-15BC5D7083E1}.Debug|Any CPU.Build.0 = Debug|Any CPU
		{B473D99E-3F17-49B7-9D3F-15BC5D7083E1}.Release|Any CPU.ActiveCfg = Release|Any CPU
		{B473D99E-3F17-49B7-9D3F-15BC5D7083E1}.Release|Any CPU.Build.0 = Release|Any CPU
		{B5D347ED-EABB-4337-A6B2-20874726D59D}.Debug|Any CPU.ActiveCfg = Debug|Any CPU
		{B5D347ED-EABB-4337-A6B2-20874726D59D}.Debug|Any CPU.Build.0 = Debug|Any CPU
		{B5D347ED-EABB-4337-A6B2-20874726D59D}.Release|Any CPU.ActiveCfg = Release|Any CPU
		{B5D347ED-EABB-4337-A6B2-20874726D59D}.Release|Any CPU.Build.0 = Release|Any CPU
	EndGlobalSection
	GlobalSection(SolutionProperties) = preSolution
		HideSolutionNode = FALSE
	EndGlobalSection
	GlobalSection(ExtensibilityGlobals) = postSolution
		SolutionGuid = {C5A14D50-1F95-4B87-B870-AEE2BE70F950}
	EndGlobalSection
EndGlobal
